// !$*UTF8*$!
{
	archiveVersion = 1;
	classes = {
	};
	objectVersion = 56;
	objects = {

/* Begin PBXBuildFile section */
		4041DC9E2B04E6A400C6E1FE /* AudioCallBackTemplateApp.swift in Sources */ = {isa = PBXBuildFile; fileRef = 4041DC9D2B04E6A400C6E1FE /* AudioCallBackTemplateApp.swift */; };
		4041DCA02B04E6A400C6E1FE /* ContentView.swift in Sources */ = {isa = PBXBuildFile; fileRef = 4041DC9F2B04E6A400C6E1FE /* ContentView.swift */; };
		4041DCA22B04E6A700C6E1FE /* Assets.xcassets in Resources */ = {isa = PBXBuildFile; fileRef = 4041DCA12B04E6A700C6E1FE /* Assets.xcassets */; };
		4041DCA52B04E6A700C6E1FE /* Preview Assets.xcassets in Resources */ = {isa = PBXBuildFile; fileRef = 4041DCA42B04E6A700C6E1FE /* Preview Assets.xcassets */; };
		4041DCAC2B04E9C500C6E1FE /* AudioController.swift in Sources */ = {isa = PBXBuildFile; fileRef = 4041DCAB2B04E9C500C6E1FE /* AudioController.swift */; };
		4041DCB52B04EFC100C6E1FE /* CAXException.swift in Sources */ = {isa = PBXBuildFile; fileRef = 4041DCB42B04EFC100C6E1FE /* CAXException.swift */; };
		4041DCB72B04EFDB00C6E1FE /* CABitOperations.swift in Sources */ = {isa = PBXBuildFile; fileRef = 4041DCB62B04EFDB00C6E1FE /* CABitOperations.swift */; };
		4041DCB92B04EFE300C6E1FE /* CADebugMacros.swift in Sources */ = {isa = PBXBuildFile; fileRef = 4041DCB82B04EFE300C6E1FE /* CADebugMacros.swift */; };
		4041DCBB2B04EFEB00C6E1FE /* CAStreamBasicDescription.swift in Sources */ = {isa = PBXBuildFile; fileRef = 4041DCBA2B04EFEB00C6E1FE /* CAStreamBasicDescription.swift */; };
		4041DCBD2B04F0ED00C6E1FE /* NumTypes+Conversion.swift in Sources */ = {isa = PBXBuildFile; fileRef = 4041DCBC2B04F0EC00C6E1FE /* NumTypes+Conversion.swift */; };
		4041DCBF2B04F13B00C6E1FE /* OOPExceptions.swift in Sources */ = {isa = PBXBuildFile; fileRef = 4041DCBE2B04F13B00C6E1FE /* OOPExceptions.swift */; };
		4041DCC32B04F51700C6E1FE /* Wrapper.mm in Sources */ = {isa = PBXBuildFile; fileRef = 4041DCC22B04F51700C6E1FE /* Wrapper.mm */; };
		409051492B0511FC00189119 /* LICENSE in Resources */ = {isa = PBXBuildFile; fileRef = 409051482B0511FC00189119 /* LICENSE */; };
/* End PBXBuildFile section */

/* Begin PBXFileReference section */
		4041DC9A2B04E6A400C6E1FE /* AudioCallBackTemplate.app */ = {isa = PBXFileReference; explicitFileType = wrapper.application; includeInIndex = 0; path = AudioCallBackTemplate.app; sourceTree = BUILT_PRODUCTS_DIR; };
		4041DC9D2B04E6A400C6E1FE /* AudioCallBackTemplateApp.swift */ = {isa = PBXFileReference; lastKnownFileType = sourcecode.swift; path = AudioCallBackTemplateApp.swift; sourceTree = "<group>"; };
		4041DC9F2B04E6A400C6E1FE /* ContentView.swift */ = {isa = PBXFileReference; lastKnownFileType = sourcecode.swift; path = ContentView.swift; sourceTree = "<group>"; };
		4041DCA12B04E6A700C6E1FE /* Assets.xcassets */ = {isa = PBXFileReference; lastKnownFileType = folder.assetcatalog; path = Assets.xcassets; sourceTree = "<group>"; };
		4041DCA42B04E6A700C6E1FE /* Preview Assets.xcassets */ = {isa = PBXFileReference; lastKnownFileType = folder.assetcatalog; path = "Preview Assets.xcassets"; sourceTree = "<group>"; };
		4041DCAB2B04E9C500C6E1FE /* AudioController.swift */ = {isa = PBXFileReference; lastKnownFileType = sourcecode.swift; path = AudioController.swift; sourceTree = "<group>"; };
		4041DCAD2B04EB3400C6E1FE /* AudioCallBackTemplate-Bridging-Header.h */ = {isa = PBXFileReference; lastKnownFileType = sourcecode.c.h; path = "AudioCallBackTemplate-Bridging-Header.h"; sourceTree = "<group>"; };
		4041DCAF2B04EB3400C6E1FE /* DSP.hpp */ = {isa = PBXFileReference; lastKnownFileType = sourcecode.cpp.h; path = DSP.hpp; sourceTree = "<group>"; };
		4041DCB42B04EFC100C6E1FE /* CAXException.swift */ = {isa = PBXFileReference; fileEncoding = 4; lastKnownFileType = sourcecode.swift; path = CAXException.swift; sourceTree = "<group>"; };
		4041DCB62B04EFDB00C6E1FE /* CABitOperations.swift */ = {isa = PBXFileReference; fileEncoding = 4; lastKnownFileType = sourcecode.swift; path = CABitOperations.swift; sourceTree = "<group>"; };
		4041DCB82B04EFE300C6E1FE /* CADebugMacros.swift */ = {isa = PBXFileReference; fileEncoding = 4; lastKnownFileType = sourcecode.swift; path = CADebugMacros.swift; sourceTree = "<group>"; };
		4041DCBA2B04EFEB00C6E1FE /* CAStreamBasicDescription.swift */ = {isa = PBXFileReference; fileEncoding = 4; lastKnownFileType = sourcecode.swift; path = CAStreamBasicDescription.swift; sourceTree = "<group>"; };
		4041DCBC2B04F0EC00C6E1FE /* NumTypes+Conversion.swift */ = {isa = PBXFileReference; fileEncoding = 4; lastKnownFileType = sourcecode.swift; path = "NumTypes+Conversion.swift"; sourceTree = "<group>"; };
		4041DCBE2B04F13B00C6E1FE /* OOPExceptions.swift */ = {isa = PBXFileReference; fileEncoding = 4; lastKnownFileType = sourcecode.swift; path = OOPExceptions.swift; sourceTree = "<group>"; };
		4041DCC12B04F47200C6E1FE /* Wrapper.h */ = {isa = PBXFileReference; lastKnownFileType = sourcecode.c.h; path = Wrapper.h; sourceTree = "<group>"; };
		4041DCC22B04F51700C6E1FE /* Wrapper.mm */ = {isa = PBXFileReference; lastKnownFileType = sourcecode.cpp.objcpp; path = Wrapper.mm; sourceTree = "<group>"; };
		40653CE42B076FAF00DE4DFB /* module.modulemap */ = {isa = PBXFileReference; lastKnownFileType = "sourcecode.module-map"; path = module.modulemap; sourceTree = "<group>"; };
		409051482B0511FC00189119 /* LICENSE */ = {isa = PBXFileReference; fileEncoding = 4; lastKnownFileType = text; name = LICENSE; path = ../LICENSE; sourceTree = "<group>"; };
		4090514A2B05120800189119 /* README.md */ = {isa = PBXFileReference; lastKnownFileType = net.daringfireball.markdown; name = README.md; path = ../README.md; sourceTree = "<group>"; };
		409BE6AD2B06646A0071BE29 /* AudioCallbackTemplate.png */ = {isa = PBXFileReference; lastKnownFileType = image.png; name = AudioCallbackTemplate.png; path = ../AudioCallbackTemplate.png; sourceTree = "<group>"; };
/* End PBXFileReference section */

/* Begin PBXFrameworksBuildPhase section */
		4041DC972B04E6A400C6E1FE /* Frameworks */ = {
			isa = PBXFrameworksBuildPhase;
			buildActionMask = 2147483647;
			files = (
			);
			runOnlyForDeploymentPostprocessing = 0;
		};
/* End PBXFrameworksBuildPhase section */

/* Begin PBXGroup section */
		4041DC912B04E6A400C6E1FE = {
			isa = PBXGroup;
			children = (
				409BE6AD2B06646A0071BE29 /* AudioCallbackTemplate.png */,
				409051482B0511FC00189119 /* LICENSE */,
				4090514A2B05120800189119 /* README.md */,
				4041DC9C2B04E6A400C6E1FE /* AudioCallBackTemplate */,
				4041DC9B2B04E6A400C6E1FE /* Products */,
			);
			sourceTree = "<group>";
		};
		4041DC9B2B04E6A400C6E1FE /* Products */ = {
			isa = PBXGroup;
			children = (
				4041DC9A2B04E6A400C6E1FE /* AudioCallBackTemplate.app */,
			);
			name = Products;
			sourceTree = "<group>";
		};
		4041DC9C2B04E6A400C6E1FE /* AudioCallBackTemplate */ = {
			isa = PBXGroup;
			children = (
				4041DCC02B04F15600C6E1FE /* PublicUtility */,
				4041DC9D2B04E6A400C6E1FE /* AudioCallBackTemplateApp.swift */,
				4041DC9F2B04E6A400C6E1FE /* ContentView.swift */,
				4041DCAB2B04E9C500C6E1FE /* AudioController.swift */,
				4041DCA12B04E6A700C6E1FE /* Assets.xcassets */,
				4041DCA32B04E6A700C6E1FE /* Preview Content */,
				4041DCAF2B04EB3400C6E1FE /* DSP.hpp */,
				4041DCAD2B04EB3400C6E1FE /* AudioCallBackTemplate-Bridging-Header.h */,
				4041DCC12B04F47200C6E1FE /* Wrapper.h */,
				4041DCC22B04F51700C6E1FE /* Wrapper.mm */,
				40653CE42B076FAF00DE4DFB /* module.modulemap */,
			);
			path = AudioCallBackTemplate;
			sourceTree = "<group>";
		};
		4041DCA32B04E6A700C6E1FE /* Preview Content */ = {
			isa = PBXGroup;
			children = (
				4041DCA42B04E6A700C6E1FE /* Preview Assets.xcassets */,
			);
			path = "Preview Content";
			sourceTree = "<group>";
		};
		4041DCC02B04F15600C6E1FE /* PublicUtility */ = {
			isa = PBXGroup;
			children = (
				4041DCBE2B04F13B00C6E1FE /* OOPExceptions.swift */,
				4041DCB42B04EFC100C6E1FE /* CAXException.swift */,
				4041DCB62B04EFDB00C6E1FE /* CABitOperations.swift */,
				4041DCB82B04EFE300C6E1FE /* CADebugMacros.swift */,
				4041DCBA2B04EFEB00C6E1FE /* CAStreamBasicDescription.swift */,
				4041DCBC2B04F0EC00C6E1FE /* NumTypes+Conversion.swift */,
			);
			name = PublicUtility;
			sourceTree = "<group>";
		};
/* End PBXGroup section */

/* Begin PBXNativeTarget section */
		4041DC992B04E6A400C6E1FE /* AudioCallBackTemplate */ = {
			isa = PBXNativeTarget;
			buildConfigurationList = 4041DCA82B04E6A700C6E1FE /* Build configuration list for PBXNativeTarget "AudioCallBackTemplate" */;
			buildPhases = (
				4041DC962B04E6A400C6E1FE /* Sources */,
				4041DC972B04E6A400C6E1FE /* Frameworks */,
				4041DC982B04E6A400C6E1FE /* Resources */,
			);
			buildRules = (
			);
			dependencies = (
			);
			name = AudioCallBackTemplate;
			productName = AudioCallBackTemplate;
			productReference = 4041DC9A2B04E6A400C6E1FE /* AudioCallBackTemplate.app */;
			productType = "com.apple.product-type.application";
		};
/* End PBXNativeTarget section */

/* Begin PBXProject section */
		4041DC922B04E6A400C6E1FE /* Project object */ = {
			isa = PBXProject;
			attributes = {
				BuildIndependentTargetsInParallel = 1;
				LastSwiftUpdateCheck = 1500;
				LastUpgradeCheck = 1500;
				TargetAttributes = {
					4041DC992B04E6A400C6E1FE = {
						CreatedOnToolsVersion = 15.0.1;
						LastSwiftMigration = 1500;
					};
				};
			};
			buildConfigurationList = 4041DC952B04E6A400C6E1FE /* Build configuration list for PBXProject "AudioCallBackTemplate" */;
			compatibilityVersion = "Xcode 14.0";
			developmentRegion = en;
			hasScannedForEncodings = 0;
			knownRegions = (
				en,
				Base,
			);
			mainGroup = 4041DC912B04E6A400C6E1FE;
			productRefGroup = 4041DC9B2B04E6A400C6E1FE /* Products */;
			projectDirPath = "";
			projectRoot = "";
			targets = (
				4041DC992B04E6A400C6E1FE /* AudioCallBackTemplate */,
			);
		};
/* End PBXProject section */

/* Begin PBXResourcesBuildPhase section */
		4041DC982B04E6A400C6E1FE /* Resources */ = {
			isa = PBXResourcesBuildPhase;
			buildActionMask = 2147483647;
			files = (
				409051492B0511FC00189119 /* LICENSE in Resources */,
				4041DCA52B04E6A700C6E1FE /* Preview Assets.xcassets in Resources */,
				4041DCA22B04E6A700C6E1FE /* Assets.xcassets in Resources */,
			);
			runOnlyForDeploymentPostprocessing = 0;
		};
/* End PBXResourcesBuildPhase section */

/* Begin PBXSourcesBuildPhase section */
		4041DC962B04E6A400C6E1FE /* Sources */ = {
			isa = PBXSourcesBuildPhase;
			buildActionMask = 2147483647;
			files = (
				4041DCC32B04F51700C6E1FE /* Wrapper.mm in Sources */,
				4041DCA02B04E6A400C6E1FE /* ContentView.swift in Sources */,
				4041DCBB2B04EFEB00C6E1FE /* CAStreamBasicDescription.swift in Sources */,
				4041DCBF2B04F13B00C6E1FE /* OOPExceptions.swift in Sources */,
				4041DCAC2B04E9C500C6E1FE /* AudioController.swift in Sources */,
				4041DC9E2B04E6A400C6E1FE /* AudioCallBackTemplateApp.swift in Sources */,
				4041DCBD2B04F0ED00C6E1FE /* NumTypes+Conversion.swift in Sources */,
				4041DCB52B04EFC100C6E1FE /* CAXException.swift in Sources */,
				4041DCB92B04EFE300C6E1FE /* CADebugMacros.swift in Sources */,
				4041DCB72B04EFDB00C6E1FE /* CABitOperations.swift in Sources */,
			);
			runOnlyForDeploymentPostprocessing = 0;
		};
/* End PBXSourcesBuildPhase section */

/* Begin XCBuildConfiguration section */
		4041DCA62B04E6A700C6E1FE /* Debug */ = {
			isa = XCBuildConfiguration;
			buildSettings = {
				ALWAYS_SEARCH_USER_PATHS = NO;
				ASSETCATALOG_COMPILER_GENERATE_SWIFT_ASSET_SYMBOL_EXTENSIONS = YES;
				CLANG_ANALYZER_NONNULL = YES;
				CLANG_ANALYZER_NUMBER_OBJECT_CONVERSION = YES_AGGRESSIVE;
				CLANG_CXX_LANGUAGE_STANDARD = "gnu++20";
				CLANG_ENABLE_MODULES = YES;
				CLANG_ENABLE_OBJC_ARC = YES;
				CLANG_ENABLE_OBJC_WEAK = YES;
				CLANG_WARN_BLOCK_CAPTURE_AUTORELEASING = YES;
				CLANG_WARN_BOOL_CONVERSION = YES;
				CLANG_WARN_COMMA = YES;
				CLANG_WARN_CONSTANT_CONVERSION = YES;
				CLANG_WARN_DEPRECATED_OBJC_IMPLEMENTATIONS = YES;
				CLANG_WARN_DIRECT_OBJC_ISA_USAGE = YES_ERROR;
				CLANG_WARN_DOCUMENTATION_COMMENTS = YES;
				CLANG_WARN_EMPTY_BODY = YES;
				CLANG_WARN_ENUM_CONVERSION = YES;
				CLANG_WARN_INFINITE_RECURSION = YES;
				CLANG_WARN_INT_CONVERSION = YES;
				CLANG_WARN_NON_LITERAL_NULL_CONVERSION = YES;
				CLANG_WARN_OBJC_IMPLICIT_RETAIN_SELF = YES;
				CLANG_WARN_OBJC_LITERAL_CONVERSION = YES;
				CLANG_WARN_OBJC_ROOT_CLASS = YES_ERROR;
				CLANG_WARN_QUOTED_INCLUDE_IN_FRAMEWORK_HEADER = YES;
				CLANG_WARN_RANGE_LOOP_ANALYSIS = YES;
				CLANG_WARN_STRICT_PROTOTYPES = YES;
				CLANG_WARN_SUSPICIOUS_MOVE = YES;
				CLANG_WARN_UNGUARDED_AVAILABILITY = YES_AGGRESSIVE;
				CLANG_WARN_UNREACHABLE_CODE = YES;
				CLANG_WARN__DUPLICATE_METHOD_MATCH = YES;
				COPY_PHASE_STRIP = NO;
				DEBUG_INFORMATION_FORMAT = dwarf;
				ENABLE_STRICT_OBJC_MSGSEND = YES;
				ENABLE_TESTABILITY = YES;
				ENABLE_USER_SCRIPT_SANDBOXING = YES;
				GCC_C_LANGUAGE_STANDARD = gnu17;
				GCC_DYNAMIC_NO_PIC = NO;
				GCC_NO_COMMON_BLOCKS = YES;
				GCC_OPTIMIZATION_LEVEL = 0;
				GCC_PREPROCESSOR_DEFINITIONS = (
					"DEBUG=1",
					"$(inherited)",
				);
				GCC_WARN_64_TO_32_BIT_CONVERSION = YES;
				GCC_WARN_ABOUT_RETURN_TYPE = YES_ERROR;
				GCC_WARN_UNDECLARED_SELECTOR = YES;
				GCC_WARN_UNINITIALIZED_AUTOS = YES_AGGRESSIVE;
				GCC_WARN_UNUSED_FUNCTION = YES;
				GCC_WARN_UNUSED_VARIABLE = YES;
				IPHONEOS_DEPLOYMENT_TARGET = 17.0;
				LOCALIZATION_PREFERS_STRING_CATALOGS = YES;
				MTL_ENABLE_DEBUG_INFO = INCLUDE_SOURCE;
				MTL_FAST_MATH = YES;
				ONLY_ACTIVE_ARCH = YES;
				SDKROOT = iphoneos;
				SWIFT_ACTIVE_COMPILATION_CONDITIONS = "DEBUG $(inherited)";
				SWIFT_OPTIMIZATION_LEVEL = "-Onone";
			};
			name = Debug;
		};
		4041DCA72B04E6A700C6E1FE /* Release */ = {
			isa = XCBuildConfiguration;
			buildSettings = {
				ALWAYS_SEARCH_USER_PATHS = NO;
				ASSETCATALOG_COMPILER_GENERATE_SWIFT_ASSET_SYMBOL_EXTENSIONS = YES;
				CLANG_ANALYZER_NONNULL = YES;
				CLANG_ANALYZER_NUMBER_OBJECT_CONVERSION = YES_AGGRESSIVE;
				CLANG_CXX_LANGUAGE_STANDARD = "gnu++20";
				CLANG_ENABLE_MODULES = YES;
				CLANG_ENABLE_OBJC_ARC = YES;
				CLANG_ENABLE_OBJC_WEAK = YES;
				CLANG_WARN_BLOCK_CAPTURE_AUTORELEASING = YES;
				CLANG_WARN_BOOL_CONVERSION = YES;
				CLANG_WARN_COMMA = YES;
				CLANG_WARN_CONSTANT_CONVERSION = YES;
				CLANG_WARN_DEPRECATED_OBJC_IMPLEMENTATIONS = YES;
				CLANG_WARN_DIRECT_OBJC_ISA_USAGE = YES_ERROR;
				CLANG_WARN_DOCUMENTATION_COMMENTS = YES;
				CLANG_WARN_EMPTY_BODY = YES;
				CLANG_WARN_ENUM_CONVERSION = YES;
				CLANG_WARN_INFINITE_RECURSION = YES;
				CLANG_WARN_INT_CONVERSION = YES;
				CLANG_WARN_NON_LITERAL_NULL_CONVERSION = YES;
				CLANG_WARN_OBJC_IMPLICIT_RETAIN_SELF = YES;
				CLANG_WARN_OBJC_LITERAL_CONVERSION = YES;
				CLANG_WARN_OBJC_ROOT_CLASS = YES_ERROR;
				CLANG_WARN_QUOTED_INCLUDE_IN_FRAMEWORK_HEADER = YES;
				CLANG_WARN_RANGE_LOOP_ANALYSIS = YES;
				CLANG_WARN_STRICT_PROTOTYPES = YES;
				CLANG_WARN_SUSPICIOUS_MOVE = YES;
				CLANG_WARN_UNGUARDED_AVAILABILITY = YES_AGGRESSIVE;
				CLANG_WARN_UNREACHABLE_CODE = YES;
				CLANG_WARN__DUPLICATE_METHOD_MATCH = YES;
				COPY_PHASE_STRIP = NO;
				DEBUG_INFORMATION_FORMAT = "dwarf-with-dsym";
				ENABLE_NS_ASSERTIONS = NO;
				ENABLE_STRICT_OBJC_MSGSEND = YES;
				ENABLE_USER_SCRIPT_SANDBOXING = YES;
				GCC_C_LANGUAGE_STANDARD = gnu17;
				GCC_NO_COMMON_BLOCKS = YES;
				GCC_WARN_64_TO_32_BIT_CONVERSION = YES;
				GCC_WARN_ABOUT_RETURN_TYPE = YES_ERROR;
				GCC_WARN_UNDECLARED_SELECTOR = YES;
				GCC_WARN_UNINITIALIZED_AUTOS = YES_AGGRESSIVE;
				GCC_WARN_UNUSED_FUNCTION = YES;
				GCC_WARN_UNUSED_VARIABLE = YES;
				IPHONEOS_DEPLOYMENT_TARGET = 17.0;
				LOCALIZATION_PREFERS_STRING_CATALOGS = YES;
				MTL_ENABLE_DEBUG_INFO = NO;
				MTL_FAST_MATH = YES;
				SDKROOT = iphoneos;
				SWIFT_COMPILATION_MODE = wholemodule;
				VALIDATE_PRODUCT = YES;
			};
			name = Release;
		};
		4041DCA92B04E6A700C6E1FE /* Debug */ = {
			isa = XCBuildConfiguration;
			buildSettings = {
				ASSETCATALOG_COMPILER_APPICON_NAME = AppIcon;
				ASSETCATALOG_COMPILER_GLOBAL_ACCENT_COLOR_NAME = AccentColor;
				CLANG_ENABLE_MODULES = YES;
				CODE_SIGN_STYLE = Automatic;
				CURRENT_PROJECT_VERSION = 1;
				DEVELOPMENT_ASSET_PATHS = "\"AudioCallBackTemplate/Preview Content\"";
				DEVELOPMENT_TEAM = W2V29MV569;
				ENABLE_PREVIEWS = YES;
				GENERATE_INFOPLIST_FILE = YES;
				INFOPLIST_KEY_NSMicrophoneUsageDescription = "Testing Audio - change me";
				INFOPLIST_KEY_UIApplicationSceneManifest_Generation = YES;
				INFOPLIST_KEY_UIApplicationSupportsIndirectInputEvents = YES;
				INFOPLIST_KEY_UILaunchScreen_Generation = YES;
				INFOPLIST_KEY_UISupportedInterfaceOrientations_iPad = "UIInterfaceOrientationPortrait UIInterfaceOrientationPortraitUpsideDown UIInterfaceOrientationLandscapeLeft UIInterfaceOrientationLandscapeRight";
				INFOPLIST_KEY_UISupportedInterfaceOrientations_iPhone = "UIInterfaceOrientationPortrait UIInterfaceOrientationLandscapeLeft UIInterfaceOrientationLandscapeRight";
				LD_RUNPATH_SEARCH_PATHS = (
					"$(inherited)",
					"@executable_path/Frameworks",
				);
				MARKETING_VERSION = 1.0;
				PRODUCT_BUNDLE_IDENTIFIER = de.tech41.audiocallback.changeme.AudioCallBackTemplate;
				PRODUCT_NAME = "$(TARGET_NAME)";
				SWIFT_EMIT_LOC_STRINGS = YES;
				SWIFT_OBJC_BRIDGING_HEADER = "AudioCallBackTemplate/AudioCallBackTemplate-Bridging-Header.h";
				SWIFT_OBJC_INTEROP_MODE = objcxx;
				SWIFT_OPTIMIZATION_LEVEL = "-Onone";
				SWIFT_VERSION = 5.0;
				TARGETED_DEVICE_FAMILY = "1,2";
			};
			name = Debug;
		};
		4041DCAA2B04E6A700C6E1FE /* Release */ = {
			isa = XCBuildConfiguration;
			buildSettings = {
				ASSETCATALOG_COMPILER_APPICON_NAME = AppIcon;
				ASSETCATALOG_COMPILER_GLOBAL_ACCENT_COLOR_NAME = AccentColor;
				CLANG_ENABLE_MODULES = YES;
				CODE_SIGN_STYLE = Automatic;
				CURRENT_PROJECT_VERSION = 1;
				DEVELOPMENT_ASSET_PATHS = "\"AudioCallBackTemplate/Preview Content\"";
				DEVELOPMENT_TEAM = W2V29MV569;
				ENABLE_PREVIEWS = YES;
				GENERATE_INFOPLIST_FILE = YES;
				INFOPLIST_KEY_NSMicrophoneUsageDescription = "Testing Audio - change me";
				INFOPLIST_KEY_UIApplicationSceneManifest_Generation = YES;
				INFOPLIST_KEY_UIApplicationSupportsIndirectInputEvents = YES;
				INFOPLIST_KEY_UILaunchScreen_Generation = YES;
				INFOPLIST_KEY_UISupportedInterfaceOrientations_iPad = "UIInterfaceOrientationPortrait UIInterfaceOrientationPortraitUpsideDown UIInterfaceOrientationLandscapeLeft UIInterfaceOrientationLandscapeRight";
				INFOPLIST_KEY_UISupportedInterfaceOrientations_iPhone = "UIInterfaceOrientationPortrait UIInterfaceOrientationLandscapeLeft UIInterfaceOrientationLandscapeRight";
				LD_RUNPATH_SEARCH_PATHS = (
					"$(inherited)",
					"@executable_path/Frameworks",
				);
				MARKETING_VERSION = 1.0;
				PRODUCT_BUNDLE_IDENTIFIER = de.tech41.audiocallback.changeme.AudioCallBackTemplate;
				PRODUCT_NAME = "$(TARGET_NAME)";
				SWIFT_EMIT_LOC_STRINGS = YES;
				SWIFT_OBJC_BRIDGING_HEADER = "AudioCallBackTemplate/AudioCallBackTemplate-Bridging-Header.h";
				SWIFT_OBJC_INTEROP_MODE = objcxx;
				SWIFT_VERSION = 5.0;
				TARGETED_DEVICE_FAMILY = "1,2";
			};
			name = Release;
		};
/* End XCBuildConfiguration section */

/* Begin XCConfigurationList section */
		4041DC952B04E6A400C6E1FE /* Build configuration list for PBXProject "AudioCallBackTemplate" */ = {
			isa = XCConfigurationList;
			buildConfigurations = (
				4041DCA62B04E6A700C6E1FE /* Debug */,
				4041DCA72B04E6A700C6E1FE /* Release */,
			);
			defaultConfigurationIsVisible = 0;
			defaultConfigurationName = Release;
		};
		4041DCA82B04E6A700C6E1FE /* Build configuration list for PBXNativeTarget "AudioCallBackTemplate" */ = {
			isa = XCConfigurationList;
			buildConfigurations = (
				4041DCA92B04E6A700C6E1FE /* Debug */,
				4041DCAA2B04E6A700C6E1FE /* Release */,
			);
			defaultConfigurationIsVisible = 0;
			defaultConfigurationName = Release;
		};
/* End XCConfigurationList section */
	};
	rootObject = 4041DC922B04E6A400C6E1FE /* Project object */;
}
